// !$*UTF8*$!
{
	archiveVersion = 1;
	classes = {
	};
	objectVersion = 77;
	objects = {

/* Begin PBXBuildFile section */
		D405499A2F2D82D0005B754B /* WebRTC.xcframework in Frameworks */ = {isa = PBXBuildFile; fileRef = D40549982F2D82C6005B754B /* WebRTC.xcframework */; };
		D405499B2F2D82D0005B754B /* WebRTC.xcframework in Embed Frameworks */ = {isa = PBXBuildFile; fileRef = D40549982F2D82C6005B754B /* WebRTC.xcframework */; settings = {ATTRIBUTES = (CodeSignOnCopy, RemoveHeadersOnCopy, ); }; };
/* End PBXBuildFile section */

/* Begin PBXContainerItemProxy section */
		D405496F2F2D824C005B754B /* PBXContainerItemProxy */ = {
			isa = PBXContainerItemProxy;
			containerPortal = D40549582F2D8247005B754B /* Project object */;
			proxyType = 1;
			remoteGlobalIDString = D405495F2F2D8248005B754B;
			remoteInfo = SimWebRTCStreamer;
		};
		D40549792F2D824C005B754B /* PBXContainerItemProxy */ = {
			isa = PBXContainerItemProxy;
			containerPortal = D40549582F2D8247005B754B /* Project object */;
			proxyType = 1;
			remoteGlobalIDString = D405495F2F2D8248005B754B;
			remoteInfo = SimWebRTCStreamer;
		};
/* End PBXContainerItemProxy section */

/* Begin PBXCopyFilesBuildPhase section */
		D405499C2F2D82D0005B754B /* Embed Frameworks */ = {
			isa = PBXCopyFilesBuildPhase;
			buildActionMask = 2147483647;
			dstPath = "";
			dstSubfolderSpec = 10;
			files = (
				D405499B2F2D82D0005B754B /* WebRTC.xcframework in Embed Frameworks */,
			);
			name = "Embed Frameworks";
			runOnlyForDeploymentPostprocessing = 0;
		};
/* End PBXCopyFilesBuildPhase section */

/* Begin PBXFileReference section */
		D40549602F2D8248005B754B /* SimWebRTCStreamer.app */ = {isa = PBXFileReference; explicitFileType = wrapper.application; includeInIndex = 0; path = SimWebRTCStreamer.app; sourceTree = BUILT_PRODUCTS_DIR; };
		D405496E2F2D824C005B754B /* SimWebRTCStreamerTests.xctest */ = {isa = PBXFileReference; explicitFileType = wrapper.cfbundle; includeInIndex = 0; path = SimWebRTCStreamerTests.xctest; sourceTree = BUILT_PRODUCTS_DIR; };
		D40549782F2D824C005B754B /* SimWebRTCStreamerUITests.xctest */ = {isa = PBXFileReference; explicitFileType = wrapper.cfbundle; includeInIndex = 0; path = SimWebRTCStreamerUITests.xctest; sourceTree = BUILT_PRODUCTS_DIR; };
		D40549982F2D82C6005B754B /* WebRTC.xcframework */ = {isa = PBXFileReference; lastKnownFileType = wrapper.xcframework; path = WebRTC.xcframework; sourceTree = "<group>"; };
/* End PBXFileReference section */

/* Begin PBXFileSystemSynchronizedRootGroup section */
		D40549622F2D8248005B754B /* SimWebRTCStreamer */ = {
			isa = PBXFileSystemSynchronizedRootGroup;
			path = SimWebRTCStreamer;
			sourceTree = "<group>";
		};
		D40549712F2D824C005B754B /* SimWebRTCStreamerTests */ = {
			isa = PBXFileSystemSynchronizedRootGroup;
			path = SimWebRTCStreamerTests;
			sourceTree = "<group>";
		};
		D405497B2F2D824C005B754B /* SimWebRTCStreamerUITests */ = {
			isa = PBXFileSystemSynchronizedRootGroup;
			path = SimWebRTCStreamerUITests;
			sourceTree = "<group>";
		};
/* End PBXFileSystemSynchronizedRootGroup section */

/* Begin PBXFrameworksBuildPhase section */
		D405495D2F2D8248005B754B /* Frameworks */ = {
			isa = PBXFrameworksBuildPhase;
			buildActionMask = 2147483647;
			files = (
				D405499A2F2D82D0005B754B /* WebRTC.xcframework in Frameworks */,
			);
			runOnlyForDeploymentPostprocessing = 0;
		};
		D405496B2F2D824C005B754B /* Frameworks */ = {
			isa = PBXFrameworksBuildPhase;
			buildActionMask = 2147483647;
			files = (
			);
			runOnlyForDeploymentPostprocessing = 0;
		};
		D40549752F2D824C005B754B /* Frameworks */ = {
			isa = PBXFrameworksBuildPhase;
			buildActionMask = 2147483647;
			files = (
			);
			runOnlyForDeploymentPostprocessing = 0;
		};
/* End PBXFrameworksBuildPhase section */

/* Begin PBXGroup section */
		D40549572F2D8247005B754B = {
			isa = PBXGroup;
			children = (
				D40549622F2D8248005B754B /* SimWebRTCStreamer */,
				D40549712F2D824C005B754B /* SimWebRTCStreamerTests */,
				D405497B2F2D824C005B754B /* SimWebRTCStreamerUITests */,
				D40549612F2D8248005B754B /* Products */,
				D40549982F2D82C6005B754B /* WebRTC.xcframework */,
			);
			sourceTree = "<group>";
		};
		D40549612F2D8248005B754B /* Products */ = {
			isa = PBXGroup;
			children = (
				D40549602F2D8248005B754B /* SimWebRTCStreamer.app */,
				D405496E2F2D824C005B754B /* SimWebRTCStreamerTests.xctest */,
				D40549782F2D824C005B754B /* SimWebRTCStreamerUITests.xctest */,
			);
			name = Products;
			sourceTree = "<group>";
		};
/* End PBXGroup section */

/* Begin PBXNativeTarget section */
		D405495F2F2D8248005B754B /* SimWebRTCStreamer */ = {
			isa = PBXNativeTarget;
			buildConfigurationList = D40549822F2D824C005B754B /* Build configuration list for PBXNativeTarget "SimWebRTCStreamer" */;
			buildPhases = (
				D405495C2F2D8248005B754B /* Sources */,
				D405495D2F2D8248005B754B /* Frameworks */,
				D405495E2F2D8248005B754B /* Resources */,
				D405499C2F2D82D0005B754B /* Embed Frameworks */,
			);
			buildRules = (
			);
			dependencies = (
			);
			fileSystemSynchronizedGroups = (
				D40549622F2D8248005B754B /* SimWebRTCStreamer */,
			);
			name = SimWebRTCStreamer;
			packageProductDependencies = (
			);
			productName = SimWebRTCStreamer;
			productReference = D40549602F2D8248005B754B /* SimWebRTCStreamer.app */;
			productType = "com.apple.product-type.application";
		};
		D405496D2F2D824C005B754B /* SimWebRTCStreamerTests */ = {
			isa = PBXNativeTarget;
			buildConfigurationList = D40549852F2D824C005B754B /* Build configuration list for PBXNativeTarget "SimWebRTCStreamerTests" */;
			buildPhases = (
				D405496A2F2D824C005B754B /* Sources */,
				D405496B2F2D824C005B754B /* Frameworks */,
				D405496C2F2D824C005B754B /* Resources */,
			);
			buildRules = (
			);
			dependencies = (
				D40549702F2D824C005B754B /* PBXTargetDependency */,
			);
			fileSystemSynchronizedGroups = (
				D40549712F2D824C005B754B /* SimWebRTCStreamerTests */,
			);
			name = SimWebRTCStreamerTests;
			packageProductDependencies = (
			);
			productName = SimWebRTCStreamerTests;
			productReference = D405496E2F2D824C005B754B /* SimWebRTCStreamerTests.xctest */;
			productType = "com.apple.product-type.bundle.unit-test";
		};
		D40549772F2D824C005B754B /* SimWebRTCStreamerUITests */ = {
			isa = PBXNativeTarget;
			buildConfigurationList = D40549882F2D824C005B754B /* Build configuration list for PBXNativeTarget "SimWebRTCStreamerUITests" */;
			buildPhases = (
				D40549742F2D824C005B754B /* Sources */,
				D40549752F2D824C005B754B /* Frameworks */,
				D40549762F2D824C005B754B /* Resources */,
			);
			buildRules = (
			);
			dependencies = (
				D405497A2F2D824C005B754B /* PBXTargetDependency */,
			);
			fileSystemSynchronizedGroups = (
				D405497B2F2D824C005B754B /* SimWebRTCStreamerUITests */,
			);
			name = SimWebRTCStreamerUITests;
			packageProductDependencies = (
			);
			productName = SimWebRTCStreamerUITests;
			productReference = D40549782F2D824C005B754B /* SimWebRTCStreamerUITests.xctest */;
			productType = "com.apple.product-type.bundle.ui-testing";
		};
/* End PBXNativeTarget section */

/* Begin PBXProject section */
		D40549582F2D8247005B754B /* Project object */ = {
			isa = PBXProject;
			attributes = {
				BuildIndependentTargetsInParallel = 1;
				LastSwiftUpdateCheck = 1630;
				LastUpgradeCheck = 1630;
				TargetAttributes = {
					D405495F2F2D8248005B754B = {
						CreatedOnToolsVersion = 16.3;
					};
					D405496D2F2D824C005B754B = {
						CreatedOnToolsVersion = 16.3;
						TestTargetID = D405495F2F2D8248005B754B;
					};
					D40549772F2D824C005B754B = {
						CreatedOnToolsVersion = 16.3;
						TestTargetID = D405495F2F2D8248005B754B;
					};
				};
			};
			buildConfigurationList = D405495B2F2D8247005B754B /* Build configuration list for PBXProject "SimWebRTCStreamer" */;
			developmentRegion = en;
			hasScannedForEncodings = 0;
			knownRegions = (
				en,
				Base,
			);
			mainGroup = D40549572F2D8247005B754B;
			minimizedProjectReferenceProxies = 1;
			preferredProjectObjectVersion = 77;
			productRefGroup = D40549612F2D8248005B754B /* Products */;
			projectDirPath = "";
			projectRoot = "";
			targets = (
				D405495F2F2D8248005B754B /* SimWebRTCStreamer */,
				D405496D2F2D824C005B754B /* SimWebRTCStreamerTests */,
				D40549772F2D824C005B754B /* SimWebRTCStreamerUITests */,
			);
		};
/* End PBXProject section */

/* Begin PBXResourcesBuildPhase section */
		D405495E2F2D8248005B754B /* Resources */ = {
			isa = PBXResourcesBuildPhase;
			buildActionMask = 2147483647;
			files = (
			);
			runOnlyForDeploymentPostprocessing = 0;
		};
		D405496C2F2D824C005B754B /* Resources */ = {
			isa = PBXResourcesBuildPhase;
			buildActionMask = 2147483647;
			files = (
			);
			runOnlyForDeploymentPostprocessing = 0;
		};
		D40549762F2D824C005B754B /* Resources */ = {
			isa = PBXResourcesBuildPhase;
			buildActionMask = 2147483647;
			files = (
			);
			runOnlyForDeploymentPostprocessing = 0;
		};
/* End PBXResourcesBuildPhase section */

/* Begin PBXSourcesBuildPhase section */
		D405495C2F2D8248005B754B /* Sources */ = {
			isa = PBXSourcesBuildPhase;
			buildActionMask = 2147483647;
			files = (
			);
			runOnlyForDeploymentPostprocessing = 0;
		};
		D405496A2F2D824C005B754B /* Sources */ = {
			isa = PBXSourcesBuildPhase;
			buildActionMask = 2147483647;
			files = (
			);
			runOnlyForDeploymentPostprocessing = 0;
		};
		D40549742F2D824C005B754B /* Sources */ = {
			isa = PBXSourcesBuildPhase;
			buildActionMask = 2147483647;
			files = (
			);
			runOnlyForDeploymentPostprocessing = 0;
		};
/* End PBXSourcesBuildPhase section */

/* Begin PBXTargetDependency section */
		D40549702F2D824C005B754B /* PBXTargetDependency */ = {
			isa = PBXTargetDependency;
			target = D405495F2F2D8248005B754B /* SimWebRTCStreamer */;
			targetProxy = D405496F2F2D824C005B754B /* PBXContainerItemProxy */;
		};
		D405497A2F2D824C005B754B /* PBXTargetDependency */ = {
			isa = PBXTargetDependency;
			target = D405495F2F2D8248005B754B /* SimWebRTCStreamer */;
			targetProxy = D40549792F2D824C005B754B /* PBXContainerItemProxy */;
		};
/* End PBXTargetDependency section */

/* Begin XCBuildConfiguration section */
		D40549802F2D824C005B754B /* Debug */ = {
			isa = XCBuildConfiguration;
			buildSettings = {
				ALWAYS_SEARCH_USER_PATHS = NO;
				ASSETCATALOG_COMPILER_GENERATE_SWIFT_ASSET_SYMBOL_EXTENSIONS = YES;
				CLANG_ANALYZER_NONNULL = YES;
				CLANG_ANALYZER_NUMBER_OBJECT_CONVERSION = YES_AGGRESSIVE;
				CLANG_CXX_LANGUAGE_STANDARD = "gnu++20";
				CLANG_ENABLE_MODULES = YES;
				CLANG_ENABLE_OBJC_ARC = YES;
				CLANG_ENABLE_OBJC_WEAK = YES;
				CLANG_WARN_BLOCK_CAPTURE_AUTORELEASING = YES;
				CLANG_WARN_BOOL_CONVERSION = YES;
				CLANG_WARN_COMMA = YES;
				CLANG_WARN_CONSTANT_CONVERSION = YES;
				CLANG_WARN_DEPRECATED_OBJC_IMPLEMENTATIONS = YES;
				CLANG_WARN_DIRECT_OBJC_ISA_USAGE = YES_ERROR;
				CLANG_WARN_DOCUMENTATION_COMMENTS = YES;
				CLANG_WARN_EMPTY_BODY = YES;
				CLANG_WARN_ENUM_CONVERSION = YES;
				CLANG_WARN_INFINITE_RECURSION = YES;
				CLANG_WARN_INT_CONVERSION = YES;
				CLANG_WARN_NON_LITERAL_NULL_CONVERSION = YES;
				CLANG_WARN_OBJC_IMPLICIT_RETAIN_SELF = YES;
				CLANG_WARN_OBJC_LITERAL_CONVERSION = YES;
				CLANG_WARN_OBJC_ROOT_CLASS = YES_ERROR;
				CLANG_WARN_QUOTED_INCLUDE_IN_FRAMEWORK_HEADER = YES;
				CLANG_WARN_RANGE_LOOP_ANALYSIS = YES;
				CLANG_WARN_STRICT_PROTOTYPES = YES;
				CLANG_WARN_SUSPICIOUS_MOVE = YES;
				CLANG_WARN_UNGUARDED_AVAILABILITY = YES_AGGRESSIVE;
				CLANG_WARN_UNREACHABLE_CODE = YES;
				CLANG_WARN__DUPLICATE_METHOD_MATCH = YES;
				COPY_PHASE_STRIP = NO;
				DEBUG_INFORMATION_FORMAT = dwarf;
				ENABLE_STRICT_OBJC_MSGSEND = YES;
				ENABLE_TESTABILITY = YES;
				ENABLE_USER_SCRIPT_SANDBOXING = YES;
				GCC_C_LANGUAGE_STANDARD = gnu17;
				GCC_DYNAMIC_NO_PIC = NO;
				GCC_NO_COMMON_BLOCKS = YES;
				GCC_OPTIMIZATION_LEVEL = 0;
				GCC_PREPROCESSOR_DEFINITIONS = (
					"DEBUG=1",
					"$(inherited)",
				);
				GCC_WARN_64_TO_32_BIT_CONVERSION = YES;
				GCC_WARN_ABOUT_RETURN_TYPE = YES_ERROR;
				GCC_WARN_UNDECLARED_SELECTOR = YES;
				GCC_WARN_UNINITIALIZED_AUTOS = YES_AGGRESSIVE;
				GCC_WARN_UNUSED_FUNCTION = YES;
				GCC_WARN_UNUSED_VARIABLE = YES;
				LOCALIZATION_PREFERS_STRING_CATALOGS = YES;
				MACOSX_DEPLOYMENT_TARGET = 15.4;
				MTL_ENABLE_DEBUG_INFO = INCLUDE_SOURCE;
				MTL_FAST_MATH = YES;
				ONLY_ACTIVE_ARCH = YES;
				SDKROOT = macosx;
				SWIFT_ACTIVE_COMPILATION_CONDITIONS = "DEBUG $(inherited)";
				SWIFT_OPTIMIZATION_LEVEL = "-Onone";
			};
			name = Debug;
		};
		D40549812F2D824C005B754B /* Release */ = {
			isa = XCBuildConfiguration;
			buildSettings = {
				ALWAYS_SEARCH_USER_PATHS = NO;
				ASSETCATALOG_COMPILER_GENERATE_SWIFT_ASSET_SYMBOL_EXTENSIONS = YES;
				CLANG_ANALYZER_NONNULL = YES;
				CLANG_ANALYZER_NUMBER_OBJECT_CONVERSION = YES_AGGRESSIVE;
				CLANG_CXX_LANGUAGE_STANDARD = "gnu++20";
				CLANG_ENABLE_MODULES = YES;
				CLANG_ENABLE_OBJC_ARC = YES;
				CLANG_ENABLE_OBJC_WEAK = YES;
				CLANG_WARN_BLOCK_CAPTURE_AUTORELEASING = YES;
				CLANG_WARN_BOOL_CONVERSION = YES;
				CLANG_WARN_COMMA = YES;
				CLANG_WARN_CONSTANT_CONVERSION = YES;
				CLANG_WARN_DEPRECATED_OBJC_IMPLEMENTATIONS = YES;
				CLANG_WARN_DIRECT_OBJC_ISA_USAGE = YES_ERROR;
				CLANG_WARN_DOCUMENTATION_COMMENTS = YES;
				CLANG_WARN_EMPTY_BODY = YES;
				CLANG_WARN_ENUM_CONVERSION = YES;
				CLANG_WARN_INFINITE_RECURSION = YES;
				CLANG_WARN_INT_CONVERSION = YES;
				CLANG_WARN_NON_LITERAL_NULL_CONVERSION = YES;
				CLANG_WARN_OBJC_IMPLICIT_RETAIN_SELF = YES;
				CLANG_WARN_OBJC_LITERAL_CONVERSION = YES;
				CLANG_WARN_OBJC_ROOT_CLASS = YES_ERROR;
				CLANG_WARN_QUOTED_INCLUDE_IN_FRAMEWORK_HEADER = YES;
				CLANG_WARN_RANGE_LOOP_ANALYSIS = YES;
				CLANG_WARN_STRICT_PROTOTYPES = YES;
				CLANG_WARN_SUSPICIOUS_MOVE = YES;
				CLANG_WARN_UNGUARDED_AVAILABILITY = YES_AGGRESSIVE;
				CLANG_WARN_UNREACHABLE_CODE = YES;
				CLANG_WARN__DUPLICATE_METHOD_MATCH = YES;
				COPY_PHASE_STRIP = NO;
				DEBUG_INFORMATION_FORMAT = "dwarf-with-dsym";
				ENABLE_NS_ASSERTIONS = NO;
				ENABLE_STRICT_OBJC_MSGSEND = YES;
				ENABLE_USER_SCRIPT_SANDBOXING = YES;
				GCC_C_LANGUAGE_STANDARD = gnu17;
				GCC_NO_COMMON_BLOCKS = YES;
				GCC_WARN_64_TO_32_BIT_CONVERSION = YES;
				GCC_WARN_ABOUT_RETURN_TYPE = YES_ERROR;
				GCC_WARN_UNDECLARED_SELECTOR = YES;
				GCC_WARN_UNINITIALIZED_AUTOS = YES_AGGRESSIVE;
				GCC_WARN_UNUSED_FUNCTION = YES;
				GCC_WARN_UNUSED_VARIABLE = YES;
				LOCALIZATION_PREFERS_STRING_CATALOGS = YES;
				MACOSX_DEPLOYMENT_TARGET = 15.4;
				MTL_ENABLE_DEBUG_INFO = NO;
				MTL_FAST_MATH = YES;
				SDKROOT = macosx;
				SWIFT_COMPILATION_MODE = wholemodule;
			};
			name = Release;
		};
		D40549832F2D824C005B754B /* Debug */ = {
			isa = XCBuildConfiguration;
			buildSettings = {
				ASSETCATALOG_COMPILER_APPICON_NAME = AppIcon;
				ASSETCATALOG_COMPILER_GLOBAL_ACCENT_COLOR_NAME = AccentColor;
				CODE_SIGN_ENTITLEMENTS = SimWebRTCStreamer/SimWebRTCStreamer.entitlements;
				CODE_SIGN_STYLE = Automatic;
				COMBINE_HIDPI_IMAGES = YES;
				CURRENT_PROJECT_VERSION = 1;
				ENABLE_PREVIEWS = YES;
				GENERATE_INFOPLIST_FILE = YES;
				INFOPLIST_KEY_NSHumanReadableCopyright = "";
				LD_RUNPATH_SEARCH_PATHS = (
					"$(inherited)",
					"@executable_path/../Frameworks",
				);
				MARKETING_VERSION = 1.0;
				PRODUCT_BUNDLE_IDENTIFIER = com.test.screencap.SimWebRTCStreamer;
				PRODUCT_NAME = "$(TARGET_NAME)";
				REGISTER_APP_GROUPS = YES;
				SWIFT_EMIT_LOC_STRINGS = YES;
				SWIFT_VERSION = 5.0;
			};
			name = Debug;
		};
		D40549842F2D824C005B754B /* Release */ = {
			isa = XCBuildConfiguration;
			buildSettings = {
				ASSETCATALOG_COMPILER_APPICON_NAME = AppIcon;
				ASSETCATALOG_COMPILER_GLOBAL_ACCENT_COLOR_NAME = AccentColor;
				CODE_SIGN_ENTITLEMENTS = SimWebRTCStreamer/SimWebRTCStreamer.entitlements;
				CODE_SIGN_STYLE = Automatic;
				COMBINE_HIDPI_IMAGES = YES;
				CURRENT_PROJECT_VERSION = 1;
				ENABLE_PREVIEWS = YES;
				GENERATE_INFOPLIST_FILE = YES;
				INFOPLIST_KEY_NSHumanReadableCopyright = "";
				LD_RUNPATH_SEARCH_PATHS = (
					"$(inherited)",
					"@executable_path/../Frameworks",
				);
				MARKETING_VERSION = 1.0;
				PRODUCT_BUNDLE_IDENTIFIER = com.test.screencap.SimWebRTCStreamer;
				PRODUCT_NAME = "$(TARGET_NAME)";
				REGISTER_APP_GROUPS = YES;
				SWIFT_EMIT_LOC_STRINGS = YES;
				SWIFT_VERSION = 5.0;
			};
			name = Release;
		};
		D40549862F2D824C005B754B /* Debug */ = {
			isa = XCBuildConfiguration;
			buildSettings = {
				BUNDLE_LOADER = "$(TEST_HOST)";
				CODE_SIGN_STYLE = Automatic;
				CURRENT_PROJECT_VERSION = 1;
				GENERATE_INFOPLIST_FILE = YES;
				MACOSX_DEPLOYMENT_TARGET = 15.4;
				MARKETING_VERSION = 1.0;
				PRODUCT_BUNDLE_IDENTIFIER = com.test.screencap.SimWebRTCStreamerTests;
				PRODUCT_NAME = "$(TARGET_NAME)";
				SWIFT_EMIT_LOC_STRINGS = NO;
				SWIFT_VERSION = 5.0;
				TEST_HOST = "$(BUILT_PRODUCTS_DIR)/SimWebRTCStreamer.app/$(BUNDLE_EXECUTABLE_FOLDER_PATH)/SimWebRTCStreamer";
			};
			name = Debug;
		};
		D40549872F2D824C005B754B /* Release */ = {
			isa = XCBuildConfiguration;
			buildSettings = {
				BUNDLE_LOADER = "$(TEST_HOST)";
				CODE_SIGN_STYLE = Automatic;
				CURRENT_PROJECT_VERSION = 1;
				GENERATE_INFOPLIST_FILE = YES;
				MACOSX_DEPLOYMENT_TARGET = 15.4;
				MARKETING_VERSION = 1.0;
				PRODUCT_BUNDLE_IDENTIFIER = com.test.screencap.SimWebRTCStreamerTests;
				PRODUCT_NAME = "$(TARGET_NAME)";
				SWIFT_EMIT_LOC_STRINGS = NO;
				SWIFT_VERSION = 5.0;
				TEST_HOST = "$(BUILT_PRODUCTS_DIR)/SimWebRTCStreamer.app/$(BUNDLE_EXECUTABLE_FOLDER_PATH)/SimWebRTCStreamer";
			};
			name = Release;
		};
		D40549892F2D824C005B754B /* Debug */ = {
			isa = XCBuildConfiguration;
			buildSettings = {
				CODE_SIGN_STYLE = Automatic;
				CURRENT_PROJECT_VERSION = 1;
				GENERATE_INFOPLIST_FILE = YES;
				MARKETING_VERSION = 1.0;
				PRODUCT_BUNDLE_IDENTIFIER = com.test.screencap.SimWebRTCStreamerUITests;
				PRODUCT_NAME = "$(TARGET_NAME)";
				SWIFT_EMIT_LOC_STRINGS = NO;
				SWIFT_VERSION = 5.0;
				TEST_TARGET_NAME = SimWebRTCStreamer;
			};
			name = Debug;
		};
		D405498A2F2D824C005B754B /* Release */ = {
			isa = XCBuildConfiguration;
			buildSettings = {
				CODE_SIGN_STYLE = Automatic;
				CURRENT_PROJECT_VERSION = 1;
				GENERATE_INFOPLIST_FILE = YES;
				MARKETING_VERSION = 1.0;
				PRODUCT_BUNDLE_IDENTIFIER = com.test.screencap.SimWebRTCStreamerUITests;
				PRODUCT_NAME = "$(TARGET_NAME)";
				SWIFT_EMIT_LOC_STRINGS = NO;
				SWIFT_VERSION = 5.0;
				TEST_TARGET_NAME = SimWebRTCStreamer;
			};
			name = Release;
		};
/* End XCBuildConfiguration section */

/* Begin XCConfigurationList section */
		D405495B2F2D8247005B754B /* Build configuration list for PBXProject "SimWebRTCStreamer" */ = {
			isa = XCConfigurationList;
			buildConfigurations = (
				D40549802F2D824C005B754B /* Debug */,
				D40549812F2D824C005B754B /* Release */,
			);
			defaultConfigurationIsVisible = 0;
			defaultConfigurationName = Release;
		};
		D40549822F2D824C005B754B /* Build configuration list for PBXNativeTarget "SimWebRTCStreamer" */ = {
			isa = XCConfigurationList;
			buildConfigurations = (
				D40549832F2D824C005B754B /* Debug */,
				D40549842F2D824C005B754B /* Release */,
			);
			defaultConfigurationIsVisible = 0;
			defaultConfigurationName = Release;
		};
		D40549852F2D824C005B754B /* Build configuration list for PBXNativeTarget "SimWebRTCStreamerTests" */ = {
			isa = XCConfigurationList;
			buildConfigurations = (
				D40549862F2D824C005B754B /* Debug */,
				D40549872F2D824C005B754B /* Release */,
			);
			defaultConfigurationIsVisible = 0;
			defaultConfigurationName = Release;
		};
		D40549882F2D824C005B754B /* Build configuration list for PBXNativeTarget "SimWebRTCStreamerUITests" */ = {
			isa = XCConfigurationList;
			buildConfigurations = (
				D40549892F2D824C005B754B /* Debug */,
				D405498A2F2D824C005B754B /* Release */,
			);
			defaultConfigurationIsVisible = 0;
			defaultConfigurationName = Release;
		};
/* End XCConfigurationList section */
	};
	rootObject = D40549582F2D8247005B754B /* Project object */;
}
